{
  "name": "pbase",
  "version": "1.0.0",
  "lockfileVersion": 3,
  "requires": true,
  "packages": {
    "": {
      "name": "pbase",
      "version": "1.0.0",
      "license": "ISC",
      "dependencies": {
        "pocketbase": "^0.15.2"
      }
    },
    "node_modules/pocketbase": {
      "version": "0.15.2",
      "resolved": "https://registry.npmjs.org/pocketbase/-/pocketbase-0.15.2.tgz",
      "integrity": "sha512-dGSwO2j3XqtFMANNNEVh/moRw0ItOraKC1p3J+I0y/tPEfgleCAUptMWhqHrFNS+jM5r21eSS1U48N9/OmHFzA=="
    }
  }
}
